
Microsoft Visual Studio Solution File, Format Version 12.00
# Visual Studio Version 16
VisualStudioVersion = 16.0.31424.327
MinimumVisualStudioVersion = 10.0.40219.1
Project("{FAE04EC0-301F-11D3-BF4B-00C04F79EFBC}") = "TodasAsOperacoesDeDoisNumeros", "TodasAsOperacoesDeDoisNumeros.csproj", "{73F6B151-9A1B-4B56-9665-83D5AC0334E2}"
EndProject
Global
	GlobalSection(SolutionConfigurationPlatforms) = preSolution
		Debug|Any CPU = Debug|Any CPU
		Release|Any CPU = Release|Any CPU
	EndGlobalSection
	GlobalSection(ProjectConfigurationPlatforms) = postSolution
		{73F6B151-9A1B-4B56-9665-83D5AC0334E2}.Debug|Any CPU.ActiveCfg = Debug|Any CPU
		{73F6B151-9A1B-4B56-9665-83D5AC0334E2}.Debug|Any CPU.Build.0 = Debug|Any CPU
		{73F6B151-9A1B-4B56-9665-83D5AC0334E2}.Release|Any CPU.ActiveCfg = Release|Any CPU
		{73F6B151-9A1B-4B56-9665-83D5AC0334E2}.Release|Any CPU.Build.0 = Release|Any CPU
	EndGlobalSection
	GlobalSection(SolutionProperties) = preSolution
		HideSolutionNode = FALSE
	EndGlobalSection
	GlobalSection(ExtensibilityGlobals) = postSolution
		SolutionGuid = {828C4A8C-D6F3-46E8-ACB0-D7D6D2334630}
	EndGlobalSection
EndGlobal
