
Microsoft Visual Studio Solution File, Format Version 12.00
# Visual Studio Version 16
VisualStudioVersion = 16.0.31424.327
MinimumVisualStudioVersion = 10.0.40219.1
Project("{FAE04EC0-301F-11D3-BF4B-00C04F79EFBC}") = "SimpleMathematicOperations", "SimpleMathematicOperations.csproj", "{147FF8F8-9AFF-4A7B-82A4-3FC69A28C7A8}"
EndProject
Global
	GlobalSection(SolutionConfigurationPlatforms) = preSolution
		Debug|Any CPU = Debug|Any CPU
		Release|Any CPU = Release|Any CPU
	EndGlobalSection
	GlobalSection(ProjectConfigurationPlatforms) = postSolution
		{147FF8F8-9AFF-4A7B-82A4-3FC69A28C7A8}.Debug|Any CPU.ActiveCfg = Debug|Any CPU
		{147FF8F8-9AFF-4A7B-82A4-3FC69A28C7A8}.Debug|Any CPU.Build.0 = Debug|Any CPU
		{147FF8F8-9AFF-4A7B-82A4-3FC69A28C7A8}.Release|Any CPU.ActiveCfg = Release|Any CPU
		{147FF8F8-9AFF-4A7B-82A4-3FC69A28C7A8}.Release|Any CPU.Build.0 = Release|Any CPU
	EndGlobalSection
	GlobalSection(SolutionProperties) = preSolution
		HideSolutionNode = FALSE
	EndGlobalSection
	GlobalSection(ExtensibilityGlobals) = postSolution
		SolutionGuid = {A90CE078-2B7C-4A70-92C5-F8D0AA451044}
	EndGlobalSection
EndGlobal
