
Microsoft Visual Studio Solution File, Format Version 12.00
# Visual Studio Version 16
VisualStudioVersion = 16.0.31424.327
MinimumVisualStudioVersion = 10.0.40219.1
Project("{FAE04EC0-301F-11D3-BF4B-00C04F79EFBC}") = "CalcularVolumeLataOleo", "CalcularVolumeLataOleo.csproj", "{5E45F9B5-4415-4DE0-9921-362F4E05E1DA}"
EndProject
Global
	GlobalSection(SolutionConfigurationPlatforms) = preSolution
		Debug|Any CPU = Debug|Any CPU
		Release|Any CPU = Release|Any CPU
	EndGlobalSection
	GlobalSection(ProjectConfigurationPlatforms) = postSolution
		{5E45F9B5-4415-4DE0-9921-362F4E05E1DA}.Debug|Any CPU.ActiveCfg = Debug|Any CPU
		{5E45F9B5-4415-4DE0-9921-362F4E05E1DA}.Debug|Any CPU.Build.0 = Debug|Any CPU
		{5E45F9B5-4415-4DE0-9921-362F4E05E1DA}.Release|Any CPU.ActiveCfg = Release|Any CPU
		{5E45F9B5-4415-4DE0-9921-362F4E05E1DA}.Release|Any CPU.Build.0 = Release|Any CPU
	EndGlobalSection
	GlobalSection(SolutionProperties) = preSolution
		HideSolutionNode = FALSE
	EndGlobalSection
	GlobalSection(ExtensibilityGlobals) = postSolution
		SolutionGuid = {11643EF9-0F45-486F-BDFD-4B83756F0F21}
	EndGlobalSection
EndGlobal
