
Microsoft Visual Studio Solution File, Format Version 12.00
# Visual Studio Version 16
VisualStudioVersion = 16.0.31424.327
MinimumVisualStudioVersion = 10.0.40219.1
Project("{FAE04EC0-301F-11D3-BF4B-00C04F79EFBC}") = "ConverteDiaEmAno", "ConverteDiaEmAno.csproj", "{B50CEEF1-3F33-4DC7-B477-149E062316A5}"
EndProject
Global
	GlobalSection(SolutionConfigurationPlatforms) = preSolution
		Debug|Any CPU = Debug|Any CPU
		Release|Any CPU = Release|Any CPU
	EndGlobalSection
	GlobalSection(ProjectConfigurationPlatforms) = postSolution
		{B50CEEF1-3F33-4DC7-B477-149E062316A5}.Debug|Any CPU.ActiveCfg = Debug|Any CPU
		{B50CEEF1-3F33-4DC7-B477-149E062316A5}.Debug|Any CPU.Build.0 = Debug|Any CPU
		{B50CEEF1-3F33-4DC7-B477-149E062316A5}.Release|Any CPU.ActiveCfg = Release|Any CPU
		{B50CEEF1-3F33-4DC7-B477-149E062316A5}.Release|Any CPU.Build.0 = Release|Any CPU
	EndGlobalSection
	GlobalSection(SolutionProperties) = preSolution
		HideSolutionNode = FALSE
	EndGlobalSection
	GlobalSection(ExtensibilityGlobals) = postSolution
		SolutionGuid = {CD1704F6-390E-4325-BDEF-813559ECCFAC}
	EndGlobalSection
EndGlobal
