
Microsoft Visual Studio Solution File, Format Version 12.00
Project("{FAE04EC0-301F-11D3-BF4B-00C04F79EFBC}") = "TipoDoTriangulo1045-melhorado", "TipoDoTriangulo1045-melhorado.csproj", "{19389F19-6F57-4468-B30C-067667540BEB}"
EndProject
Global
	GlobalSection(SolutionConfigurationPlatforms) = preSolution
		Debug|Any CPU = Debug|Any CPU
		Release|Any CPU = Release|Any CPU
	EndGlobalSection
	GlobalSection(ProjectConfigurationPlatforms) = postSolution
		{19389F19-6F57-4468-B30C-067667540BEB}.Debug|Any CPU.ActiveCfg = Debug|Any CPU
		{19389F19-6F57-4468-B30C-067667540BEB}.Debug|Any CPU.Build.0 = Debug|Any CPU
		{19389F19-6F57-4468-B30C-067667540BEB}.Release|Any CPU.ActiveCfg = Release|Any CPU
		{19389F19-6F57-4468-B30C-067667540BEB}.Release|Any CPU.Build.0 = Release|Any CPU
	EndGlobalSection
EndGlobal
