
Microsoft Visual Studio Solution File, Format Version 12.00
Project("{FAE04EC0-301F-11D3-BF4B-00C04F79EFBC}") = "ConverteSinais", "ConverteSinais.csproj", "{06E22D47-1810-451B-BBCA-925AA6C6A79A}"
EndProject
Global
	GlobalSection(SolutionConfigurationPlatforms) = preSolution
		Debug|Any CPU = Debug|Any CPU
		Release|Any CPU = Release|Any CPU
	EndGlobalSection
	GlobalSection(ProjectConfigurationPlatforms) = postSolution
		{06E22D47-1810-451B-BBCA-925AA6C6A79A}.Debug|Any CPU.ActiveCfg = Debug|Any CPU
		{06E22D47-1810-451B-BBCA-925AA6C6A79A}.Debug|Any CPU.Build.0 = Debug|Any CPU
		{06E22D47-1810-451B-BBCA-925AA6C6A79A}.Release|Any CPU.ActiveCfg = Release|Any CPU
		{06E22D47-1810-451B-BBCA-925AA6C6A79A}.Release|Any CPU.Build.0 = Release|Any CPU
	EndGlobalSection
EndGlobal
