
Microsoft Visual Studio Solution File, Format Version 12.00
Project("{FAE04EC0-301F-11D3-BF4B-00C04F79EFBC}") = "Teste2", "Teste2.csproj", "{1E533376-01CB-408E-B5BD-F1FC28CA7F0D}"
EndProject
Global
	GlobalSection(SolutionConfigurationPlatforms) = preSolution
		Debug|Any CPU = Debug|Any CPU
		Release|Any CPU = Release|Any CPU
	EndGlobalSection
	GlobalSection(ProjectConfigurationPlatforms) = postSolution
		{1E533376-01CB-408E-B5BD-F1FC28CA7F0D}.Debug|Any CPU.ActiveCfg = Debug|Any CPU
		{1E533376-01CB-408E-B5BD-F1FC28CA7F0D}.Debug|Any CPU.Build.0 = Debug|Any CPU
		{1E533376-01CB-408E-B5BD-F1FC28CA7F0D}.Release|Any CPU.ActiveCfg = Release|Any CPU
		{1E533376-01CB-408E-B5BD-F1FC28CA7F0D}.Release|Any CPU.Build.0 = Release|Any CPU
	EndGlobalSection
EndGlobal
