
Microsoft Visual Studio Solution File, Format Version 12.00
Project("{FAE04EC0-301F-11D3-BF4B-00C04F79EFBC}") = "SomaParesConsecutivos1159", "SomaParesConsecutivos1159.csproj", "{76D7D46B-52D3-44D9-9384-E484FF0CA477}"
EndProject
Global
	GlobalSection(SolutionConfigurationPlatforms) = preSolution
		Debug|Any CPU = Debug|Any CPU
		Release|Any CPU = Release|Any CPU
	EndGlobalSection
	GlobalSection(ProjectConfigurationPlatforms) = postSolution
		{76D7D46B-52D3-44D9-9384-E484FF0CA477}.Debug|Any CPU.ActiveCfg = Debug|Any CPU
		{76D7D46B-52D3-44D9-9384-E484FF0CA477}.Debug|Any CPU.Build.0 = Debug|Any CPU
		{76D7D46B-52D3-44D9-9384-E484FF0CA477}.Release|Any CPU.ActiveCfg = Release|Any CPU
		{76D7D46B-52D3-44D9-9384-E484FF0CA477}.Release|Any CPU.Build.0 = Release|Any CPU
	EndGlobalSection
EndGlobal
