
Microsoft Visual Studio Solution File, Format Version 12.00
Project("{FAE04EC0-301F-11D3-BF4B-00C04F79EFBC}") = "OrdenacaoComNumeros", "OrdenacaoComNumeros.csproj", "{783A9E79-BE1E-4758-96DC-EE9D9E92DE02}"
EndProject
Global
	GlobalSection(SolutionConfigurationPlatforms) = preSolution
		Debug|Any CPU = Debug|Any CPU
		Release|Any CPU = Release|Any CPU
	EndGlobalSection
	GlobalSection(ProjectConfigurationPlatforms) = postSolution
		{783A9E79-BE1E-4758-96DC-EE9D9E92DE02}.Debug|Any CPU.ActiveCfg = Debug|Any CPU
		{783A9E79-BE1E-4758-96DC-EE9D9E92DE02}.Debug|Any CPU.Build.0 = Debug|Any CPU
		{783A9E79-BE1E-4758-96DC-EE9D9E92DE02}.Release|Any CPU.ActiveCfg = Release|Any CPU
		{783A9E79-BE1E-4758-96DC-EE9D9E92DE02}.Release|Any CPU.Build.0 = Release|Any CPU
	EndGlobalSection
EndGlobal
