
Microsoft Visual Studio Solution File, Format Version 12.00
# Visual Studio Version 16
VisualStudioVersion = 16.0.31424.327
MinimumVisualStudioVersion = 10.0.40219.1
Project("{FAE04EC0-301F-11D3-BF4B-00C04F79EFBC}") = "VolumeCaixaRetangular", "VolumeCaixaRetangular.csproj", "{F5BD3A25-3128-449F-81DC-84CEF3CE8DFB}"
EndProject
Global
	GlobalSection(SolutionConfigurationPlatforms) = preSolution
		Debug|Any CPU = Debug|Any CPU
		Release|Any CPU = Release|Any CPU
	EndGlobalSection
	GlobalSection(ProjectConfigurationPlatforms) = postSolution
		{F5BD3A25-3128-449F-81DC-84CEF3CE8DFB}.Debug|Any CPU.ActiveCfg = Debug|Any CPU
		{F5BD3A25-3128-449F-81DC-84CEF3CE8DFB}.Debug|Any CPU.Build.0 = Debug|Any CPU
		{F5BD3A25-3128-449F-81DC-84CEF3CE8DFB}.Release|Any CPU.ActiveCfg = Release|Any CPU
		{F5BD3A25-3128-449F-81DC-84CEF3CE8DFB}.Release|Any CPU.Build.0 = Release|Any CPU
	EndGlobalSection
	GlobalSection(SolutionProperties) = preSolution
		HideSolutionNode = FALSE
	EndGlobalSection
	GlobalSection(ExtensibilityGlobals) = postSolution
		SolutionGuid = {3B5DFE0A-209D-4782-95C8-8DBC2C03EA7F}
	EndGlobalSection
EndGlobal
