
Microsoft Visual Studio Solution File, Format Version 12.00
Project("{FAE04EC0-301F-11D3-BF4B-00C04F79EFBC}") = "NumeroPerfeito1164", "NumeroPerfeito1164.csproj", "{498DEC98-AA0C-47D1-9121-B1E0C758945F}"
EndProject
Global
	GlobalSection(SolutionConfigurationPlatforms) = preSolution
		Debug|Any CPU = Debug|Any CPU
		Release|Any CPU = Release|Any CPU
	EndGlobalSection
	GlobalSection(ProjectConfigurationPlatforms) = postSolution
		{498DEC98-AA0C-47D1-9121-B1E0C758945F}.Debug|Any CPU.ActiveCfg = Debug|Any CPU
		{498DEC98-AA0C-47D1-9121-B1E0C758945F}.Debug|Any CPU.Build.0 = Debug|Any CPU
		{498DEC98-AA0C-47D1-9121-B1E0C758945F}.Release|Any CPU.ActiveCfg = Release|Any CPU
		{498DEC98-AA0C-47D1-9121-B1E0C758945F}.Release|Any CPU.Build.0 = Release|Any CPU
	EndGlobalSection
EndGlobal
