
Microsoft Visual Studio Solution File, Format Version 12.00
Project("{FAE04EC0-301F-11D3-BF4B-00C04F79EFBC}") = "NumerosImpares1067", "NumerosImpares1067.csproj", "{D92CA846-3B51-4E1C-BD53-3D0FA0957CA8}"
EndProject
Global
	GlobalSection(SolutionConfigurationPlatforms) = preSolution
		Debug|Any CPU = Debug|Any CPU
		Release|Any CPU = Release|Any CPU
	EndGlobalSection
	GlobalSection(ProjectConfigurationPlatforms) = postSolution
		{D92CA846-3B51-4E1C-BD53-3D0FA0957CA8}.Debug|Any CPU.ActiveCfg = Debug|Any CPU
		{D92CA846-3B51-4E1C-BD53-3D0FA0957CA8}.Debug|Any CPU.Build.0 = Debug|Any CPU
		{D92CA846-3B51-4E1C-BD53-3D0FA0957CA8}.Release|Any CPU.ActiveCfg = Release|Any CPU
		{D92CA846-3B51-4E1C-BD53-3D0FA0957CA8}.Release|Any CPU.Build.0 = Release|Any CPU
	EndGlobalSection
EndGlobal
