
Microsoft Visual Studio Solution File, Format Version 12.00
# Visual Studio Version 16
VisualStudioVersion = 16.0.31424.327
MinimumVisualStudioVersion = 10.0.40219.1
Project("{FAE04EC0-301F-11D3-BF4B-00C04F79EFBC}") = "FirstStep", "FirstStep.csproj", "{19D5DB4C-8CAD-4703-8495-9268620BCB42}"
EndProject
Global
	GlobalSection(SolutionConfigurationPlatforms) = preSolution
		Debug|Any CPU = Debug|Any CPU
		Release|Any CPU = Release|Any CPU
	EndGlobalSection
	GlobalSection(ProjectConfigurationPlatforms) = postSolution
		{19D5DB4C-8CAD-4703-8495-9268620BCB42}.Debug|Any CPU.ActiveCfg = Debug|Any CPU
		{19D5DB4C-8CAD-4703-8495-9268620BCB42}.Debug|Any CPU.Build.0 = Debug|Any CPU
		{19D5DB4C-8CAD-4703-8495-9268620BCB42}.Release|Any CPU.ActiveCfg = Release|Any CPU
		{19D5DB4C-8CAD-4703-8495-9268620BCB42}.Release|Any CPU.Build.0 = Release|Any CPU
	EndGlobalSection
	GlobalSection(SolutionProperties) = preSolution
		HideSolutionNode = FALSE
	EndGlobalSection
	GlobalSection(ExtensibilityGlobals) = postSolution
		SolutionGuid = {14FD9C26-EDFB-4366-86E3-815C3BC2D8F4}
	EndGlobalSection
EndGlobal
