
Microsoft Visual Studio Solution File, Format Version 12.00
Project("{FAE04EC0-301F-11D3-BF4B-00C04F79EFBC}") = "ValidacaoDeNota1117", "ValidacaoDeNota1117.csproj", "{78F04038-EE61-4123-9340-B38F95C1379F}"
EndProject
Global
	GlobalSection(SolutionConfigurationPlatforms) = preSolution
		Debug|Any CPU = Debug|Any CPU
		Release|Any CPU = Release|Any CPU
	EndGlobalSection
	GlobalSection(ProjectConfigurationPlatforms) = postSolution
		{78F04038-EE61-4123-9340-B38F95C1379F}.Debug|Any CPU.ActiveCfg = Debug|Any CPU
		{78F04038-EE61-4123-9340-B38F95C1379F}.Debug|Any CPU.Build.0 = Debug|Any CPU
		{78F04038-EE61-4123-9340-B38F95C1379F}.Release|Any CPU.ActiveCfg = Release|Any CPU
		{78F04038-EE61-4123-9340-B38F95C1379F}.Release|Any CPU.Build.0 = Release|Any CPU
	EndGlobalSection
EndGlobal
