
Microsoft Visual Studio Solution File, Format Version 12.00
# Visual Studio Version 16
VisualStudioVersion = 16.0.31424.327
MinimumVisualStudioVersion = 10.0.40219.1
Project("{FAE04EC0-301F-11D3-BF4B-00C04F79EFBC}") = "TheBigest1013", "TheBigest1013.csproj", "{1D8FCAB3-D74D-419A-A5E8-FB6D210C6EA2}"
EndProject
Global
	GlobalSection(SolutionConfigurationPlatforms) = preSolution
		Debug|Any CPU = Debug|Any CPU
		Release|Any CPU = Release|Any CPU
	EndGlobalSection
	GlobalSection(ProjectConfigurationPlatforms) = postSolution
		{1D8FCAB3-D74D-419A-A5E8-FB6D210C6EA2}.Debug|Any CPU.ActiveCfg = Debug|Any CPU
		{1D8FCAB3-D74D-419A-A5E8-FB6D210C6EA2}.Debug|Any CPU.Build.0 = Debug|Any CPU
		{1D8FCAB3-D74D-419A-A5E8-FB6D210C6EA2}.Release|Any CPU.ActiveCfg = Release|Any CPU
		{1D8FCAB3-D74D-419A-A5E8-FB6D210C6EA2}.Release|Any CPU.Build.0 = Release|Any CPU
	EndGlobalSection
	GlobalSection(SolutionProperties) = preSolution
		HideSolutionNode = FALSE
	EndGlobalSection
	GlobalSection(ExtensibilityGlobals) = postSolution
		SolutionGuid = {283662DE-8A19-4153-BA06-44519E2AD972}
	EndGlobalSection
EndGlobal
