
Microsoft Visual Studio Solution File, Format Version 12.00
Project("{FAE04EC0-301F-11D3-BF4B-00C04F79EFBC}") = "DiferencaMaiorPorMenor", "DiferencaMaiorPorMenor.csproj", "{CF23FD51-93AF-45FD-872F-D5F8FADCEF10}"
EndProject
Global
	GlobalSection(SolutionConfigurationPlatforms) = preSolution
		Debug|Any CPU = Debug|Any CPU
		Release|Any CPU = Release|Any CPU
	EndGlobalSection
	GlobalSection(ProjectConfigurationPlatforms) = postSolution
		{CF23FD51-93AF-45FD-872F-D5F8FADCEF10}.Debug|Any CPU.ActiveCfg = Debug|Any CPU
		{CF23FD51-93AF-45FD-872F-D5F8FADCEF10}.Debug|Any CPU.Build.0 = Debug|Any CPU
		{CF23FD51-93AF-45FD-872F-D5F8FADCEF10}.Release|Any CPU.ActiveCfg = Release|Any CPU
		{CF23FD51-93AF-45FD-872F-D5F8FADCEF10}.Release|Any CPU.Build.0 = Release|Any CPU
	EndGlobalSection
EndGlobal
