
Microsoft Visual Studio Solution File, Format Version 12.00
# Visual Studio Version 16
VisualStudioVersion = 16.0.31424.327
MinimumVisualStudioVersion = 10.0.40219.1
Project("{FAE04EC0-301F-11D3-BF4B-00C04F79EFBC}") = "TrocarValoresVariaveis", "TrocarValoresVariaveis.csproj", "{A7F33383-9D2B-4597-AD90-ADEA2122D4B9}"
EndProject
Global
	GlobalSection(SolutionConfigurationPlatforms) = preSolution
		Debug|Any CPU = Debug|Any CPU
		Release|Any CPU = Release|Any CPU
	EndGlobalSection
	GlobalSection(ProjectConfigurationPlatforms) = postSolution
		{A7F33383-9D2B-4597-AD90-ADEA2122D4B9}.Debug|Any CPU.ActiveCfg = Debug|Any CPU
		{A7F33383-9D2B-4597-AD90-ADEA2122D4B9}.Debug|Any CPU.Build.0 = Debug|Any CPU
		{A7F33383-9D2B-4597-AD90-ADEA2122D4B9}.Release|Any CPU.ActiveCfg = Release|Any CPU
		{A7F33383-9D2B-4597-AD90-ADEA2122D4B9}.Release|Any CPU.Build.0 = Release|Any CPU
	EndGlobalSection
	GlobalSection(SolutionProperties) = preSolution
		HideSolutionNode = FALSE
	EndGlobalSection
	GlobalSection(ExtensibilityGlobals) = postSolution
		SolutionGuid = {0D74E74D-2FEA-4E6F-808A-62C0844012FB}
	EndGlobalSection
EndGlobal
