
Microsoft Visual Studio Solution File, Format Version 12.00
# Visual Studio Version 16
VisualStudioVersion = 16.0.31424.327
MinimumVisualStudioVersion = 10.0.40219.1
Project("{FAE04EC0-301F-11D3-BF4B-00C04F79EFBC}") = "MaiorValor", "MaiorValor.csproj", "{B0B9D10F-064C-4125-8771-CAC99A149178}"
EndProject
Global
	GlobalSection(SolutionConfigurationPlatforms) = preSolution
		Debug|Any CPU = Debug|Any CPU
		Release|Any CPU = Release|Any CPU
	EndGlobalSection
	GlobalSection(ProjectConfigurationPlatforms) = postSolution
		{B0B9D10F-064C-4125-8771-CAC99A149178}.Debug|Any CPU.ActiveCfg = Debug|Any CPU
		{B0B9D10F-064C-4125-8771-CAC99A149178}.Debug|Any CPU.Build.0 = Debug|Any CPU
		{B0B9D10F-064C-4125-8771-CAC99A149178}.Release|Any CPU.ActiveCfg = Release|Any CPU
		{B0B9D10F-064C-4125-8771-CAC99A149178}.Release|Any CPU.Build.0 = Release|Any CPU
	EndGlobalSection
	GlobalSection(SolutionProperties) = preSolution
		HideSolutionNode = FALSE
	EndGlobalSection
	GlobalSection(ExtensibilityGlobals) = postSolution
		SolutionGuid = {1B7B4A9F-DEA3-40DC-BC7E-1670E2F46FC2}
	EndGlobalSection
EndGlobal
