
Microsoft Visual Studio Solution File, Format Version 12.00
# Visual Studio Version 16
VisualStudioVersion = 16.0.31424.327
MinimumVisualStudioVersion = 10.0.40219.1
Project("{FAE04EC0-301F-11D3-BF4B-00C04F79EFBC}") = "Area1012", "Area1012.csproj", "{A44F4011-8171-4B63-94CE-F6DB2CEC8CAA}"
EndProject
Global
	GlobalSection(SolutionConfigurationPlatforms) = preSolution
		Debug|Any CPU = Debug|Any CPU
		Release|Any CPU = Release|Any CPU
	EndGlobalSection
	GlobalSection(ProjectConfigurationPlatforms) = postSolution
		{A44F4011-8171-4B63-94CE-F6DB2CEC8CAA}.Debug|Any CPU.ActiveCfg = Debug|Any CPU
		{A44F4011-8171-4B63-94CE-F6DB2CEC8CAA}.Debug|Any CPU.Build.0 = Debug|Any CPU
		{A44F4011-8171-4B63-94CE-F6DB2CEC8CAA}.Release|Any CPU.ActiveCfg = Release|Any CPU
		{A44F4011-8171-4B63-94CE-F6DB2CEC8CAA}.Release|Any CPU.Build.0 = Release|Any CPU
	EndGlobalSection
	GlobalSection(SolutionProperties) = preSolution
		HideSolutionNode = FALSE
	EndGlobalSection
	GlobalSection(ExtensibilityGlobals) = postSolution
		SolutionGuid = {DD016593-9226-481C-9A45-D8EF5A1F4A50}
	EndGlobalSection
EndGlobal
