
Microsoft Visual Studio Solution File, Format Version 12.00
# Visual Studio Version 16
VisualStudioVersion = 16.0.31424.327
MinimumVisualStudioVersion = 10.0.40219.1
Project("{FAE04EC0-301F-11D3-BF4B-00C04F79EFBC}") = "CalculaAreaDeUmTerreno", "CalculaAreaDeUmTerreno.csproj", "{667DC80A-ADFE-408E-8200-D5CB1B64CA13}"
EndProject
Global
	GlobalSection(SolutionConfigurationPlatforms) = preSolution
		Debug|Any CPU = Debug|Any CPU
		Release|Any CPU = Release|Any CPU
	EndGlobalSection
	GlobalSection(ProjectConfigurationPlatforms) = postSolution
		{667DC80A-ADFE-408E-8200-D5CB1B64CA13}.Debug|Any CPU.ActiveCfg = Debug|Any CPU
		{667DC80A-ADFE-408E-8200-D5CB1B64CA13}.Debug|Any CPU.Build.0 = Debug|Any CPU
		{667DC80A-ADFE-408E-8200-D5CB1B64CA13}.Release|Any CPU.ActiveCfg = Release|Any CPU
		{667DC80A-ADFE-408E-8200-D5CB1B64CA13}.Release|Any CPU.Build.0 = Release|Any CPU
	EndGlobalSection
	GlobalSection(SolutionProperties) = preSolution
		HideSolutionNode = FALSE
	EndGlobalSection
	GlobalSection(ExtensibilityGlobals) = postSolution
		SolutionGuid = {5F5CD9C2-BF73-4EAF-993D-20F20F048A97}
	EndGlobalSection
EndGlobal
