
Microsoft Visual Studio Solution File, Format Version 12.00
Project("{FAE04EC0-301F-11D3-BF4B-00C04F79EFBC}") = "Lanche1038", "Lanche1038.csproj", "{F57E5934-9376-45A6-AC38-A172E7DA1D51}"
EndProject
Global
	GlobalSection(SolutionConfigurationPlatforms) = preSolution
		Debug|Any CPU = Debug|Any CPU
		Release|Any CPU = Release|Any CPU
	EndGlobalSection
	GlobalSection(ProjectConfigurationPlatforms) = postSolution
		{F57E5934-9376-45A6-AC38-A172E7DA1D51}.Debug|Any CPU.ActiveCfg = Debug|Any CPU
		{F57E5934-9376-45A6-AC38-A172E7DA1D51}.Debug|Any CPU.Build.0 = Debug|Any CPU
		{F57E5934-9376-45A6-AC38-A172E7DA1D51}.Release|Any CPU.ActiveCfg = Release|Any CPU
		{F57E5934-9376-45A6-AC38-A172E7DA1D51}.Release|Any CPU.Build.0 = Release|Any CPU
	EndGlobalSection
EndGlobal
