
Microsoft Visual Studio Solution File, Format Version 12.00
# Visual Studio Version 16
VisualStudioVersion = 16.0.31424.327
MinimumVisualStudioVersion = 10.0.40219.1
Project("{FAE04EC0-301F-11D3-BF4B-00C04F79EFBC}") = "SimpleMultiplication1004", "SimpleMultiplication1004.csproj", "{57B86214-AC7D-453E-AFB1-210618723AAD}"
EndProject
Global
	GlobalSection(SolutionConfigurationPlatforms) = preSolution
		Debug|Any CPU = Debug|Any CPU
		Release|Any CPU = Release|Any CPU
	EndGlobalSection
	GlobalSection(ProjectConfigurationPlatforms) = postSolution
		{57B86214-AC7D-453E-AFB1-210618723AAD}.Debug|Any CPU.ActiveCfg = Debug|Any CPU
		{57B86214-AC7D-453E-AFB1-210618723AAD}.Debug|Any CPU.Build.0 = Debug|Any CPU
		{57B86214-AC7D-453E-AFB1-210618723AAD}.Release|Any CPU.ActiveCfg = Release|Any CPU
		{57B86214-AC7D-453E-AFB1-210618723AAD}.Release|Any CPU.Build.0 = Release|Any CPU
	EndGlobalSection
	GlobalSection(SolutionProperties) = preSolution
		HideSolutionNode = FALSE
	EndGlobalSection
	GlobalSection(ExtensibilityGlobals) = postSolution
		SolutionGuid = {3CC14C9D-C0DC-44A8-A7BD-E8C1277A442B}
	EndGlobalSection
EndGlobal
