
Microsoft Visual Studio Solution File, Format Version 12.00
Project("{FAE04EC0-301F-11D3-BF4B-00C04F79EFBC}") = "SequenciaDeNumerosESoma1101", "SequenciaDeNumerosESoma1101.csproj", "{8528EAD6-F1A1-4791-A206-836C42F264E5}"
EndProject
Global
	GlobalSection(SolutionConfigurationPlatforms) = preSolution
		Debug|Any CPU = Debug|Any CPU
		Release|Any CPU = Release|Any CPU
	EndGlobalSection
	GlobalSection(ProjectConfigurationPlatforms) = postSolution
		{8528EAD6-F1A1-4791-A206-836C42F264E5}.Debug|Any CPU.ActiveCfg = Debug|Any CPU
		{8528EAD6-F1A1-4791-A206-836C42F264E5}.Debug|Any CPU.Build.0 = Debug|Any CPU
		{8528EAD6-F1A1-4791-A206-836C42F264E5}.Release|Any CPU.ActiveCfg = Release|Any CPU
		{8528EAD6-F1A1-4791-A206-836C42F264E5}.Release|Any CPU.Build.0 = Release|Any CPU
	EndGlobalSection
EndGlobal
