
Microsoft Visual Studio Solution File, Format Version 12.00
Project("{FAE04EC0-301F-11D3-BF4B-00C04F79EFBC}") = "DDD1050", "DDD1050.csproj", "{90689B00-F700-4141-A0D3-5616706F8AA9}"
EndProject
Global
	GlobalSection(SolutionConfigurationPlatforms) = preSolution
		Debug|Any CPU = Debug|Any CPU
		Release|Any CPU = Release|Any CPU
	EndGlobalSection
	GlobalSection(ProjectConfigurationPlatforms) = postSolution
		{90689B00-F700-4141-A0D3-5616706F8AA9}.Debug|Any CPU.ActiveCfg = Debug|Any CPU
		{90689B00-F700-4141-A0D3-5616706F8AA9}.Debug|Any CPU.Build.0 = Debug|Any CPU
		{90689B00-F700-4141-A0D3-5616706F8AA9}.Release|Any CPU.ActiveCfg = Release|Any CPU
		{90689B00-F700-4141-A0D3-5616706F8AA9}.Release|Any CPU.Build.0 = Release|Any CPU
	EndGlobalSection
EndGlobal
